{
  archiveVersion = 1;
  classes = {
  };
  objectVersion = 50;
  objects = {

/* Begin PBXBuildFile section */
    1D60588D0D05DD3D006BFB54 /* main.m in Sources */ = {isa = PBXBuildFile; fileRef = 1D60588C0D05DD3D006BFB54 /* main.m */; };
/* End PBXBuildFile section */

/* Begin PBXFileReference section */
    1D60588C0D05DD3D006BFB54 /* main.m */ = {isa = PBXFileReference; lastKnownFileType = sourcecode.c.objc; path = main.m; sourceTree = "<group>"; };
    9740EEB21CF90195004384FC /* Flutter.framework */ = {isa = PBXFileReference; lastKnownFileType = wrapper.framework; name = Flutter.framework; path = Flutter/Flutter.framework; sourceTree = "<group>"; };
    9740EEB31CF90195004384FC /* App.framework */ = {isa = PBXFileReference; lastKnownFileType = wrapper.framework; name = App.framework; path = Flutter/App.framework; sourceTree = "<group>"; };
/* End PBXFileReference section */

/* Begin PBXGroup section */
    1D60588E0D05DD3D006BFB54 /* Sources */ = {
      isa = PBXGroup;
      children = (
        1D60588C0D05DD3D006BFB54 /* main.m */,
      );
      name = Sources;
      sourceTree = "<group>";
    };
    9740EEB11CF90186004384FC /* Flutter */ = {
      isa = PBXGroup;
      children = (
        9740EEB21CF90195004384FC /* Flutter.framework */,
        9740EEB31CF90195004384FC /* App.framework */,
      );
      name = Flutter;
      sourceTree = "<group>";
    };
/* End PBXGroup section */

/* Begin PBXProject section */
    1D60588F0D05DD3D006BFB54 /* Project object */ = {
      isa = PBXProject;
      attributes = {
        LastUpgradeCheck = 1300;
      };
      buildConfigurationList = 1D6058900D05DD3D006BFB54 /* Build configuration list for PBXProject */;
      compatibilityVersion = "Xcode 9.3";
      developmentRegion = en;
      hasScannedForEncodings = 0;
      knownRegions = (
        en,
        Base,
      );
      mainGroup = 1D60588E0D05DD3D006BFB54 /* Sources */;
      productRefGroup = 1D60588E0D05DD3D006BFB54 /* Sources */;
      projectDirPath = "";
      projectRoot = "";
      targets = (
      );
    };
/* End PBXProject section */

/* Begin XCBuildConfiguration section */
    1D6058910D05DD3D006BFB54 /* Debug */ = {
      isa = XCBuildConfiguration;
      buildSettings = {
        GCC_PREPROCESSOR_DEFINITIONS = (
          "DEBUG=1",
          "$(inherited)",
        );
        INFOPLIST_FILE = Runner/Info.plist;
        PRODUCT_NAME = "$(TARGET_NAME)";
      };
      name = Debug;
    };
    1D6058920D05DD3D006BFB54 /* Release */ = {
      isa = XCBuildConfiguration;
      buildSettings = {
        INFOPLIST_FILE = Runner/Info.plist;
        PRODUCT_NAME = "$(TARGET_NAME)";
      };
      name = Release;
    };
/* End XCBuildConfiguration section */

/* Begin XCConfigurationList section */
    1D6058900D05DD3D006BFB54 /* Build configuration list for PBXProject */ = {
      isa = XCConfigurationList;
      buildConfigurations = (
        1D6058910D05DD3D006BFB54 /* Debug */,
        1D6058920D05DD3D006BFB54 /* Release */,
      );
      defaultConfigurationIsVisible = 0;
      defaultConfigurationName = Release;
    };
/* End XCConfigurationList section */

  };
  rootObject = 1D60588F0D05DD3D006BFB54 /* Project object */;
}
